
Microsoft Visual Studio Solution File, Format Version 12.00
# Visual Studio 2013
VisualStudioVersion = 12.0.31101.0
MinimumVisualStudioVersion = 10.0.40219.1
Project("{FAE04EC0-301F-11D3-BF4B-00C04F79EFBC}") = "Burgerman", "Burgerman\Burgerman.csproj", "{B2FB27E8-AE38-4AE5-9F60-448F29BF3D3B}"
EndProject
Project("{FAE04EC0-301F-11D3-BF4B-00C04F79EFBC}") = "BurgermanContent", "BurgermanContent\BurgermanContent\BurgermanContent.csproj", "{CBEB32EE-2C56-462A-8C28-3D072D588DDA}"
EndProject
Project("{96E2B04D-8817-42C6-938A-82C39BA4D311}") = "BurgermanContentContent", "BurgermanContent\BurgermanContentContent\BurgermanContentContent.contentproj", "{E4D95998-9D0C-4521-88A2-8761AE8AD153}"
EndProject
Global
	GlobalSection(SolutionConfigurationPlatforms) = preSolution
		Android|Any CPU = Android|Any CPU
		Android|Mixed Platforms = Android|Mixed Platforms
		Android|x86 = Android|x86
		Debug|Any CPU = Debug|Any CPU
		Debug|Mixed Platforms = Debug|Mixed Platforms
		Debug|x86 = Debug|x86
		iOS|Any CPU = iOS|Any CPU
		iOS|Mixed Platforms = iOS|Mixed Platforms
		iOS|x86 = iOS|x86
		Linux|Any CPU = Linux|Any CPU
		Linux|Mixed Platforms = Linux|Mixed Platforms
		Linux|x86 = Linux|x86
		OSX|Any CPU = OSX|Any CPU
		OSX|Mixed Platforms = OSX|Mixed Platforms
		OSX|x86 = OSX|x86
		PSM|Any CPU = PSM|Any CPU
		PSM|Mixed Platforms = PSM|Mixed Platforms
		PSM|x86 = PSM|x86
		Release|Any CPU = Release|Any CPU
		Release|Mixed Platforms = Release|Mixed Platforms
		Release|x86 = Release|x86
		Windows|Any CPU = Windows|Any CPU
		Windows|Mixed Platforms = Windows|Mixed Platforms
		Windows|x86 = Windows|x86
		Windows8|Any CPU = Windows8|Any CPU
		Windows8|Mixed Platforms = Windows8|Mixed Platforms
		Windows8|x86 = Windows8|x86
	EndGlobalSection
	GlobalSection(ProjectConfigurationPlatforms) = postSolution
		{B2FB27E8-AE38-4AE5-9F60-448F29BF3D3B}.Android|Any CPU.ActiveCfg = Release|x86
		{B2FB27E8-AE38-4AE5-9F60-448F29BF3D3B}.Android|Mixed Platforms.ActiveCfg = Release|x86
		{B2FB27E8-AE38-4AE5-9F60-448F29BF3D3B}.Android|Mixed Platforms.Build.0 = Release|x86
		{B2FB27E8-AE38-4AE5-9F60-448F29BF3D3B}.Android|x86.ActiveCfg = Release|x86
		{B2FB27E8-AE38-4AE5-9F60-448F29BF3D3B}.Android|x86.Build.0 = Release|x86
		{B2FB27E8-AE38-4AE5-9F60-448F29BF3D3B}.Debug|Any CPU.ActiveCfg = Debug|x86
		{B2FB27E8-AE38-4AE5-9F60-448F29BF3D3B}.Debug|Mixed Platforms.ActiveCfg = Debug|x86
		{B2FB27E8-AE38-4AE5-9F60-448F29BF3D3B}.Debug|Mixed Platforms.Build.0 = Debug|x86
		{B2FB27E8-AE38-4AE5-9F60-448F29BF3D3B}.Debug|x86.ActiveCfg = Debug|x86
		{B2FB27E8-AE38-4AE5-9F60-448F29BF3D3B}.Debug|x86.Build.0 = Debug|x86
		{B2FB27E8-AE38-4AE5-9F60-448F29BF3D3B}.iOS|Any CPU.ActiveCfg = Release|x86
		{B2FB27E8-AE38-4AE5-9F60-448F29BF3D3B}.iOS|Mixed Platforms.ActiveCfg = Release|x86
		{B2FB27E8-AE38-4AE5-9F60-448F29BF3D3B}.iOS|Mixed Platforms.Build.0 = Release|x86
		{B2FB27E8-AE38-4AE5-9F60-448F29BF3D3B}.iOS|x86.ActiveCfg = Release|x86
		{B2FB27E8-AE38-4AE5-9F60-448F29BF3D3B}.iOS|x86.Build.0 = Release|x86
		{B2FB27E8-AE38-4AE5-9F60-448F29BF3D3B}.Linux|Any CPU.ActiveCfg = Release|x86
		{B2FB27E8-AE38-4AE5-9F60-448F29BF3D3B}.Linux|Mixed Platforms.ActiveCfg = Release|x86
		{B2FB27E8-AE38-4AE5-9F60-448F29BF3D3B}.Linux|Mixed Platforms.Build.0 = Release|x86
		{B2FB27E8-AE38-4AE5-9F60-448F29BF3D3B}.Linux|x86.ActiveCfg = Release|x86
		{B2FB27E8-AE38-4AE5-9F60-448F29BF3D3B}.Linux|x86.Build.0 = Release|x86
		{B2FB27E8-AE38-4AE5-9F60-448F29BF3D3B}.OSX|Any CPU.ActiveCfg = Release|x86
		{B2FB27E8-AE38-4AE5-9F60-448F29BF3D3B}.OSX|Mixed Platforms.ActiveCfg = Release|x86
		{B2FB27E8-AE38-4AE5-9F60-448F29BF3D3B}.OSX|Mixed Platforms.Build.0 = Release|x86
		{B2FB27E8-AE38-4AE5-9F60-448F29BF3D3B}.OSX|x86.ActiveCfg = Release|x86
		{B2FB27E8-AE38-4AE5-9F60-448F29BF3D3B}.OSX|x86.Build.0 = Release|x86
		{B2FB27E8-AE38-4AE5-9F60-448F29BF3D3B}.PSM|Any CPU.ActiveCfg = Release|x86
		{B2FB27E8-AE38-4AE5-9F60-448F29BF3D3B}.PSM|Mixed Platforms.ActiveCfg = Release|x86
		{B2FB27E8-AE38-4AE5-9F60-448F29BF3D3B}.PSM|Mixed Platforms.Build.0 = Release|x86
		{B2FB27E8-AE38-4AE5-9F60-448F29BF3D3B}.PSM|x86.ActiveCfg = Release|x86
		{B2FB27E8-AE38-4AE5-9F60-448F29BF3D3B}.PSM|x86.Build.0 = Release|x86
		{B2FB27E8-AE38-4AE5-9F60-448F29BF3D3B}.Release|Any CPU.ActiveCfg = Release|x86
		{B2FB27E8-AE38-4AE5-9F60-448F29BF3D3B}.Release|Mixed Platforms.ActiveCfg = Release|x86
		{B2FB27E8-AE38-4AE5-9F60-448F29BF3D3B}.Release|Mixed Platforms.Build.0 = Release|x86
		{B2FB27E8-AE38-4AE5-9F60-448F29BF3D3B}.Release|x86.ActiveCfg = Release|x86
		{B2FB27E8-AE38-4AE5-9F60-448F29BF3D3B}.Release|x86.Build.0 = Release|x86
		{B2FB27E8-AE38-4AE5-9F60-448F29BF3D3B}.Windows|Any CPU.ActiveCfg = Release|x86
		{B2FB27E8-AE38-4AE5-9F60-448F29BF3D3B}.Windows|Mixed Platforms.ActiveCfg = Release|x86
		{B2FB27E8-AE38-4AE5-9F60-448F29BF3D3B}.Windows|Mixed Platforms.Build.0 = Release|x86
		{B2FB27E8-AE38-4AE5-9F60-448F29BF3D3B}.Windows|x86.ActiveCfg = Release|x86
		{B2FB27E8-AE38-4AE5-9F60-448F29BF3D3B}.Windows|x86.Build.0 = Release|x86
		{B2FB27E8-AE38-4AE5-9F60-448F29BF3D3B}.Windows8|Any CPU.ActiveCfg = Release|x86
		{B2FB27E8-AE38-4AE5-9F60-448F29BF3D3B}.Windows8|Mixed Platforms.ActiveCfg = Release|x86
		{B2FB27E8-AE38-4AE5-9F60-448F29BF3D3B}.Windows8|Mixed Platforms.Build.0 = Release|x86
		{B2FB27E8-AE38-4AE5-9F60-448F29BF3D3B}.Windows8|x86.ActiveCfg = Release|x86
		{B2FB27E8-AE38-4AE5-9F60-448F29BF3D3B}.Windows8|x86.Build.0 = Release|x86
		{CBEB32EE-2C56-462A-8C28-3D072D588DDA}.Android|Any CPU.ActiveCfg = Android|Any CPU
		{CBEB32EE-2C56-462A-8C28-3D072D588DDA}.Android|Any CPU.Build.0 = Android|Any CPU
		{CBEB32EE-2C56-462A-8C28-3D072D588DDA}.Android|Mixed Platforms.ActiveCfg = Android|Any CPU
		{CBEB32EE-2C56-462A-8C28-3D072D588DDA}.Android|Mixed Platforms.Build.0 = Android|Any CPU
		{CBEB32EE-2C56-462A-8C28-3D072D588DDA}.Android|x86.ActiveCfg = Android|Any CPU
		{CBEB32EE-2C56-462A-8C28-3D072D588DDA}.Debug|Any CPU.ActiveCfg = PSM|Any CPU
		{CBEB32EE-2C56-462A-8C28-3D072D588DDA}.Debug|Any CPU.Build.0 = PSM|Any CPU
		{CBEB32EE-2C56-462A-8C28-3D072D588DDA}.Debug|Mixed Platforms.ActiveCfg = PSM|Any CPU
		{CBEB32EE-2C56-462A-8C28-3D072D588DDA}.Debug|Mixed Platforms.Build.0 = PSM|Any CPU
		{CBEB32EE-2C56-462A-8C28-3D072D588DDA}.Debug|x86.ActiveCfg = PSM|Any CPU
		{CBEB32EE-2C56-462A-8C28-3D072D588DDA}.iOS|Any CPU.ActiveCfg = iOS|Any CPU
		{CBEB32EE-2C56-462A-8C28-3D072D588DDA}.iOS|Any CPU.Build.0 = iOS|Any CPU
		{CBEB32EE-2C56-462A-8C28-3D072D588DDA}.iOS|Mixed Platforms.ActiveCfg = iOS|Any CPU
		{CBEB32EE-2C56-462A-8C28-3D072D588DDA}.iOS|Mixed Platforms.Build.0 = iOS|Any CPU
		{CBEB32EE-2C56-462A-8C28-3D072D588DDA}.iOS|x86.ActiveCfg = iOS|Any CPU
		{CBEB32EE-2C56-462A-8C28-3D072D588DDA}.Linux|Any CPU.ActiveCfg = Linux|Any CPU
		{CBEB32EE-2C56-462A-8C28-3D072D588DDA}.Linux|Any CPU.Build.0 = Linux|Any CPU
		{CBEB32EE-2C56-462A-8C28-3D072D588DDA}.Linux|Mixed Platforms.ActiveCfg = Linux|Any CPU
		{CBEB32EE-2C56-462A-8C28-3D072D588DDA}.Linux|Mixed Platforms.Build.0 = Linux|Any CPU
		{CBEB32EE-2C56-462A-8C28-3D072D588DDA}.Linux|x86.ActiveCfg = Linux|Any CPU
		{CBEB32EE-2C56-462A-8C28-3D072D588DDA}.OSX|Any CPU.ActiveCfg = OSX|Any CPU
		{CBEB32EE-2C56-462A-8C28-3D072D588DDA}.OSX|Any CPU.Build.0 = OSX|Any CPU
		{CBEB32EE-2C56-462A-8C28-3D072D588DDA}.OSX|Mixed Platforms.ActiveCfg = OSX|Any CPU
		{CBEB32EE-2C56-462A-8C28-3D072D588DDA}.OSX|Mixed Platforms.Build.0 = OSX|Any CPU
		{CBEB32EE-2C56-462A-8C28-3D072D588DDA}.OSX|x86.ActiveCfg = OSX|Any CPU
		{CBEB32EE-2C56-462A-8C28-3D072D588DDA}.PSM|Any CPU.ActiveCfg = PSM|Any CPU
		{CBEB32EE-2C56-462A-8C28-3D072D588DDA}.PSM|Any CPU.Build.0 = PSM|Any CPU
		{CBEB32EE-2C56-462A-8C28-3D072D588DDA}.PSM|Mixed Platforms.ActiveCfg = PSM|Any CPU
		{CBEB32EE-2C56-462A-8C28-3D072D588DDA}.PSM|Mixed Platforms.Build.0 = PSM|Any CPU
		{CBEB32EE-2C56-462A-8C28-3D072D588DDA}.PSM|x86.ActiveCfg = PSM|Any CPU
		{CBEB32EE-2C56-462A-8C28-3D072D588DDA}.Release|Any CPU.ActiveCfg = PSM|Any CPU
		{CBEB32EE-2C56-462A-8C28-3D072D588DDA}.Release|Any CPU.Build.0 = PSM|Any CPU
		{CBEB32EE-2C56-462A-8C28-3D072D588DDA}.Release|Mixed Platforms.ActiveCfg = PSM|Any CPU
		{CBEB32EE-2C56-462A-8C28-3D072D588DDA}.Release|Mixed Platforms.Build.0 = PSM|Any CPU
		{CBEB32EE-2C56-462A-8C28-3D072D588DDA}.Release|x86.ActiveCfg = PSM|Any CPU
		{CBEB32EE-2C56-462A-8C28-3D072D588DDA}.Windows|Any CPU.ActiveCfg = Windows|Any CPU
		{CBEB32EE-2C56-462A-8C28-3D072D588DDA}.Windows|Any CPU.Build.0 = Windows|Any CPU
		{CBEB32EE-2C56-462A-8C28-3D072D588DDA}.Windows|Mixed Platforms.ActiveCfg = Windows|Any CPU
		{CBEB32EE-2C56-462A-8C28-3D072D588DDA}.Windows|Mixed Platforms.Build.0 = Windows|Any CPU
		{CBEB32EE-2C56-462A-8C28-3D072D588DDA}.Windows|x86.ActiveCfg = Windows|Any CPU
		{CBEB32EE-2C56-462A-8C28-3D072D588DDA}.Windows8|Any CPU.ActiveCfg = Windows8|Any CPU
		{CBEB32EE-2C56-462A-8C28-3D072D588DDA}.Windows8|Any CPU.Build.0 = Windows8|Any CPU
		{CBEB32EE-2C56-462A-8C28-3D072D588DDA}.Windows8|Mixed Platforms.ActiveCfg = Windows8|Any CPU
		{CBEB32EE-2C56-462A-8C28-3D072D588DDA}.Windows8|Mixed Platforms.Build.0 = Windows8|Any CPU
		{CBEB32EE-2C56-462A-8C28-3D072D588DDA}.Windows8|x86.ActiveCfg = Windows8|Any CPU
		{E4D95998-9D0C-4521-88A2-8761AE8AD153}.Android|Any CPU.ActiveCfg = Android|Any CPU
		{E4D95998-9D0C-4521-88A2-8761AE8AD153}.Android|Mixed Platforms.ActiveCfg = Android|Any CPU
		{E4D95998-9D0C-4521-88A2-8761AE8AD153}.Android|x86.ActiveCfg = Android|Any CPU
		{E4D95998-9D0C-4521-88A2-8761AE8AD153}.Debug|Any CPU.ActiveCfg = PSM|Any CPU
		{E4D95998-9D0C-4521-88A2-8761AE8AD153}.Debug|Mixed Platforms.ActiveCfg = PSM|Any CPU
		{E4D95998-9D0C-4521-88A2-8761AE8AD153}.Debug|x86.ActiveCfg = PSM|Any CPU
		{E4D95998-9D0C-4521-88A2-8761AE8AD153}.iOS|Any CPU.ActiveCfg = iOS|Any CPU
		{E4D95998-9D0C-4521-88A2-8761AE8AD153}.iOS|Mixed Platforms.ActiveCfg = iOS|Any CPU
		{E4D95998-9D0C-4521-88A2-8761AE8AD153}.iOS|x86.ActiveCfg = iOS|Any CPU
		{E4D95998-9D0C-4521-88A2-8761AE8AD153}.Linux|Any CPU.ActiveCfg = Linux|Any CPU
		{E4D95998-9D0C-4521-88A2-8761AE8AD153}.Linux|Mixed Platforms.ActiveCfg = Linux|Any CPU
		{E4D95998-9D0C-4521-88A2-8761AE8AD153}.Linux|x86.ActiveCfg = Linux|Any CPU
		{E4D95998-9D0C-4521-88A2-8761AE8AD153}.OSX|Any CPU.ActiveCfg = OSX|Any CPU
		{E4D95998-9D0C-4521-88A2-8761AE8AD153}.OSX|Mixed Platforms.ActiveCfg = OSX|Any CPU
		{E4D95998-9D0C-4521-88A2-8761AE8AD153}.OSX|x86.ActiveCfg = OSX|Any CPU
		{E4D95998-9D0C-4521-88A2-8761AE8AD153}.PSM|Any CPU.ActiveCfg = PSM|Any CPU
		{E4D95998-9D0C-4521-88A2-8761AE8AD153}.PSM|Mixed Platforms.ActiveCfg = PSM|Any CPU
		{E4D95998-9D0C-4521-88A2-8761AE8AD153}.PSM|x86.ActiveCfg = PSM|Any CPU
		{E4D95998-9D0C-4521-88A2-8761AE8AD153}.Release|Any CPU.ActiveCfg = PSM|Any CPU
		{E4D95998-9D0C-4521-88A2-8761AE8AD153}.Release|Mixed Platforms.ActiveCfg = PSM|Any CPU
		{E4D95998-9D0C-4521-88A2-8761AE8AD153}.Release|x86.ActiveCfg = PSM|Any CPU
		{E4D95998-9D0C-4521-88A2-8761AE8AD153}.Windows|Any CPU.ActiveCfg = Windows|Any CPU
		{E4D95998-9D0C-4521-88A2-8761AE8AD153}.Windows|Mixed Platforms.ActiveCfg = Windows|Any CPU
		{E4D95998-9D0C-4521-88A2-8761AE8AD153}.Windows|x86.ActiveCfg = Windows|Any CPU
		{E4D95998-9D0C-4521-88A2-8761AE8AD153}.Windows8|Any CPU.ActiveCfg = Windows8|Any CPU
		{E4D95998-9D0C-4521-88A2-8761AE8AD153}.Windows8|Mixed Platforms.ActiveCfg = Windows8|Any CPU
		{E4D95998-9D0C-4521-88A2-8761AE8AD153}.Windows8|x86.ActiveCfg = Windows8|Any CPU
	EndGlobalSection
	GlobalSection(SolutionProperties) = preSolution
		HideSolutionNode = FALSE
	EndGlobalSection
EndGlobal
