
Microsoft Visual Studio Solution File, Format Version 12.00
# Visual Studio 2013
VisualStudioVersion = 12.0.31101.0
MinimumVisualStudioVersion = 10.0.40219.1
Project("{FAE04EC0-301F-11D3-BF4B-00C04F79EFBC}") = "Burgerman", "Burgerman\Burgerman.csproj", "{B2FB27E8-AE38-4AE5-9F60-448F29BF3D3B}"
EndProject
Global
	GlobalSection(SolutionConfigurationPlatforms) = preSolution
		Android|Any CPU = Android|Any CPU
		Android|Mixed Platforms = Android|Mixed Platforms
		Android|x86 = Android|x86
		Debug|Any CPU = Debug|Any CPU
		Debug|Mixed Platforms = Debug|Mixed Platforms
		Debug|x86 = Debug|x86
		iOS|Any CPU = iOS|Any CPU
		iOS|Mixed Platforms = iOS|Mixed Platforms
		iOS|x86 = iOS|x86
		Linux|Any CPU = Linux|Any CPU
		Linux|Mixed Platforms = Linux|Mixed Platforms
		Linux|x86 = Linux|x86
		OSX|Any CPU = OSX|Any CPU
		OSX|Mixed Platforms = OSX|Mixed Platforms
		OSX|x86 = OSX|x86
		PSM|Any CPU = PSM|Any CPU
		PSM|Mixed Platforms = PSM|Mixed Platforms
		PSM|x86 = PSM|x86
		Release|Any CPU = Release|Any CPU
		Release|Mixed Platforms = Release|Mixed Platforms
		Release|x86 = Release|x86
		Windows|Any CPU = Windows|Any CPU
		Windows|Mixed Platforms = Windows|Mixed Platforms
		Windows|x86 = Windows|x86
		Windows8|Any CPU = Windows8|Any CPU
		Windows8|Mixed Platforms = Windows8|Mixed Platforms
		Windows8|x86 = Windows8|x86
	EndGlobalSection
	GlobalSection(ProjectConfigurationPlatforms) = postSolution
		{B2FB27E8-AE38-4AE5-9F60-448F29BF3D3B}.Android|Any CPU.ActiveCfg = Release|x86
		{B2FB27E8-AE38-4AE5-9F60-448F29BF3D3B}.Android|Mixed Platforms.ActiveCfg = Release|x86
		{B2FB27E8-AE38-4AE5-9F60-448F29BF3D3B}.Android|Mixed Platforms.Build.0 = Release|x86
		{B2FB27E8-AE38-4AE5-9F60-448F29BF3D3B}.Android|x86.ActiveCfg = Release|x86
		{B2FB27E8-AE38-4AE5-9F60-448F29BF3D3B}.Android|x86.Build.0 = Release|x86
		{B2FB27E8-AE38-4AE5-9F60-448F29BF3D3B}.Debug|Any CPU.ActiveCfg = Debug|x86
		{B2FB27E8-AE38-4AE5-9F60-448F29BF3D3B}.Debug|Mixed Platforms.ActiveCfg = Debug|x86
		{B2FB27E8-AE38-4AE5-9F60-448F29BF3D3B}.Debug|Mixed Platforms.Build.0 = Debug|x86
		{B2FB27E8-AE38-4AE5-9F60-448F29BF3D3B}.Debug|x86.ActiveCfg = Debug|x86
		{B2FB27E8-AE38-4AE5-9F60-448F29BF3D3B}.Debug|x86.Build.0 = Debug|x86
		{B2FB27E8-AE38-4AE5-9F60-448F29BF3D3B}.iOS|Any CPU.ActiveCfg = Release|x86
		{B2FB27E8-AE38-4AE5-9F60-448F29BF3D3B}.iOS|Mixed Platforms.ActiveCfg = Release|x86
		{B2FB27E8-AE38-4AE5-9F60-448F29BF3D3B}.iOS|Mixed Platforms.Build.0 = Release|x86
		{B2FB27E8-AE38-4AE5-9F60-448F29BF3D3B}.iOS|x86.ActiveCfg = Release|x86
		{B2FB27E8-AE38-4AE5-9F60-448F29BF3D3B}.iOS|x86.Build.0 = Release|x86
		{B2FB27E8-AE38-4AE5-9F60-448F29BF3D3B}.Linux|Any CPU.ActiveCfg = Release|x86
		{B2FB27E8-AE38-4AE5-9F60-448F29BF3D3B}.Linux|Mixed Platforms.ActiveCfg = Release|x86
		{B2FB27E8-AE38-4AE5-9F60-448F29BF3D3B}.Linux|Mixed Platforms.Build.0 = Release|x86
		{B2FB27E8-AE38-4AE5-9F60-448F29BF3D3B}.Linux|x86.ActiveCfg = Release|x86
		{B2FB27E8-AE38-4AE5-9F60-448F29BF3D3B}.Linux|x86.Build.0 = Release|x86
		{B2FB27E8-AE38-4AE5-9F60-448F29BF3D3B}.OSX|Any CPU.ActiveCfg = Release|x86
		{B2FB27E8-AE38-4AE5-9F60-448F29BF3D3B}.OSX|Mixed Platforms.ActiveCfg = Release|x86
		{B2FB27E8-AE38-4AE5-9F60-448F29BF3D3B}.OSX|Mixed Platforms.Build.0 = Release|x86
		{B2FB27E8-AE38-4AE5-9F60-448F29BF3D3B}.OSX|x86.ActiveCfg = Release|x86
		{B2FB27E8-AE38-4AE5-9F60-448F29BF3D3B}.OSX|x86.Build.0 = Release|x86
		{B2FB27E8-AE38-4AE5-9F60-448F29BF3D3B}.PSM|Any CPU.ActiveCfg = Release|x86
		{B2FB27E8-AE38-4AE5-9F60-448F29BF3D3B}.PSM|Mixed Platforms.ActiveCfg = Release|x86
		{B2FB27E8-AE38-4AE5-9F60-448F29BF3D3B}.PSM|Mixed Platforms.Build.0 = Release|x86
		{B2FB27E8-AE38-4AE5-9F60-448F29BF3D3B}.PSM|x86.ActiveCfg = Release|x86
		{B2FB27E8-AE38-4AE5-9F60-448F29BF3D3B}.PSM|x86.Build.0 = Release|x86
		{B2FB27E8-AE38-4AE5-9F60-448F29BF3D3B}.Release|Any CPU.ActiveCfg = Release|x86
		{B2FB27E8-AE38-4AE5-9F60-448F29BF3D3B}.Release|Mixed Platforms.ActiveCfg = Release|x86
		{B2FB27E8-AE38-4AE5-9F60-448F29BF3D3B}.Release|Mixed Platforms.Build.0 = Release|x86
		{B2FB27E8-AE38-4AE5-9F60-448F29BF3D3B}.Release|x86.ActiveCfg = Release|x86
		{B2FB27E8-AE38-4AE5-9F60-448F29BF3D3B}.Release|x86.Build.0 = Release|x86
		{B2FB27E8-AE38-4AE5-9F60-448F29BF3D3B}.Windows|Any CPU.ActiveCfg = Release|x86
		{B2FB27E8-AE38-4AE5-9F60-448F29BF3D3B}.Windows|Mixed Platforms.ActiveCfg = Release|x86
		{B2FB27E8-AE38-4AE5-9F60-448F29BF3D3B}.Windows|Mixed Platforms.Build.0 = Release|x86
		{B2FB27E8-AE38-4AE5-9F60-448F29BF3D3B}.Windows|x86.ActiveCfg = Release|x86
		{B2FB27E8-AE38-4AE5-9F60-448F29BF3D3B}.Windows|x86.Build.0 = Release|x86
		{B2FB27E8-AE38-4AE5-9F60-448F29BF3D3B}.Windows8|Any CPU.ActiveCfg = Release|x86
		{B2FB27E8-AE38-4AE5-9F60-448F29BF3D3B}.Windows8|Mixed Platforms.ActiveCfg = Release|x86
		{B2FB27E8-AE38-4AE5-9F60-448F29BF3D3B}.Windows8|Mixed Platforms.Build.0 = Release|x86
		{B2FB27E8-AE38-4AE5-9F60-448F29BF3D3B}.Windows8|x86.ActiveCfg = Release|x86
		{B2FB27E8-AE38-4AE5-9F60-448F29BF3D3B}.Windows8|x86.Build.0 = Release|x86
	EndGlobalSection
	GlobalSection(SolutionProperties) = preSolution
		HideSolutionNode = FALSE
	EndGlobalSection
EndGlobal
